Microsoft Visual Studio Solution File, Format Version 11.00
# Visual Studio 2008

Project("{186A91E2-AB49-631C-6048-218368A66928}") = "Adventure Shapes RPG", "Assembly-CSharp-firstpass.csproj", "{CD889C64-5230-5424-A7BC-CBD26179B7AB}"
EndProject
Project("{186A91E2-AB49-631C-6048-218368A66928}") = "Adventure Shapes RPG", "Assembly-CSharp.csproj", "{8AEBA087-4876-F766-D754-8E0EECB62B23}"
EndProject
Project("{186A91E2-AB49-631C-6048-218368A66928}") = "Adventure Shapes RPG", "Assembly-CSharp-Editor.csproj", "{40421B6C-E9C3-9B36-689B-5C515CE12660}"
EndProject
Global
	GlobalSection(SolutionConfigurationPlatforms) = preSolution
		Debug|Any CPU = Debug|Any CPU
		Release|Any CPU = Release|Any CPU
	EndGlobalSection
	GlobalSection(ProjectConfigurationPlatforms) = postSolution
		{CD889C64-5230-5424-A7BC-CBD26179B7AB}.Debug|Any CPU.ActiveCfg = Debug|Any CPU
		{CD889C64-5230-5424-A7BC-CBD26179B7AB}.Debug|Any CPU.Build.0 = Debug|Any CPU
		{CD889C64-5230-5424-A7BC-CBD26179B7AB}.Release|Any CPU.ActiveCfg = Release|Any CPU
		{CD889C64-5230-5424-A7BC-CBD26179B7AB}.Release|Any CPU.Build.0 = Release|Any CPU
		{8AEBA087-4876-F766-D754-8E0EECB62B23}.Debug|Any CPU.ActiveCfg = Debug|Any CPU
		{8AEBA087-4876-F766-D754-8E0EECB62B23}.Debug|Any CPU.Build.0 = Debug|Any CPU
		{8AEBA087-4876-F766-D754-8E0EECB62B23}.Release|Any CPU.ActiveCfg = Release|Any CPU
		{8AEBA087-4876-F766-D754-8E0EECB62B23}.Release|Any CPU.Build.0 = Release|Any CPU
		{40421B6C-E9C3-9B36-689B-5C515CE12660}.Debug|Any CPU.ActiveCfg = Debug|Any CPU
		{40421B6C-E9C3-9B36-689B-5C515CE12660}.Debug|Any CPU.Build.0 = Debug|Any CPU
		{40421B6C-E9C3-9B36-689B-5C515CE12660}.Release|Any CPU.ActiveCfg = Release|Any CPU
		{40421B6C-E9C3-9B36-689B-5C515CE12660}.Release|Any CPU.Build.0 = Release|Any CPU
	EndGlobalSection
	GlobalSection(SolutionProperties) = preSolution
		HideSolutionNode = FALSE
	EndGlobalSection
	GlobalSection(MonoDevelopProperties) = preSolution
		StartupItem = Assembly-CSharp.csproj
	EndGlobalSection
EndGlobal
